
Microsoft Visual Studio Solution File, Format Version 12.00
# Visual Studio Version 17
VisualStudioVersion = 17.1.31911.260
MinimumVisualStudioVersion = 10.0.40219.1
Project("{FAE04EC0-301F-11D3-BF4B-00C04F79EFBC}") = "Courses", "Courses.csproj", "{C84BE417-1F6A-4674-81A9-DEDFCFFB9478}"
EndProject
Global
	GlobalSection(SolutionConfigurationPlatforms) = preSolution
		Debug|Any CPU = Debug|Any CPU
		Release|Any CPU = Release|Any CPU
	EndGlobalSection
	GlobalSection(ProjectConfigurationPlatforms) = postSolution
		{C84BE417-1F6A-4674-81A9-DEDFCFFB9478}.Debug|Any CPU.ActiveCfg = Debug|Any CPU
		{C84BE417-1F6A-4674-81A9-DEDFCFFB9478}.Debug|Any CPU.Build.0 = Debug|Any CPU
		{C84BE417-1F6A-4674-81A9-DEDFCFFB9478}.Release|Any CPU.ActiveCfg = Release|Any CPU
		{C84BE417-1F6A-4674-81A9-DEDFCFFB9478}.Release|Any CPU.Build.0 = Release|Any CPU
	EndGlobalSection
	GlobalSection(SolutionProperties) = preSolution
		HideSolutionNode = FALSE
	EndGlobalSection
	GlobalSection(ExtensibilityGlobals) = postSolution
		SolutionGuid = {9B47699D-AC51-46AE-8C97-197735176153}
	EndGlobalSection
EndGlobal
